
Microsoft Visual Studio Solution File, Format Version 12.00
Project("{FAE04EC0-301F-11D3-BF4B-00C04F79EFBC}") = "FanfictionBackend", "FanfictionBackend\FanfictionBackend.csproj", "{19480C44-D2BC-46DC-80F6-7DED7887CD75}"
EndProject
Project("{FAE04EC0-301F-11D3-BF4B-00C04F79EFBC}") = "Tests", "Tests\Tests.csproj", "{5C6F9EC4-4AF7-4917-8A56-8D915396F856}"
EndProject
Global
	GlobalSection(SolutionConfigurationPlatforms) = preSolution
		Debug|Any CPU = Debug|Any CPU
		Release|Any CPU = Release|Any CPU
	EndGlobalSection
	GlobalSection(ProjectConfigurationPlatforms) = postSolution
		{19480C44-D2BC-46DC-80F6-7DED7887CD75}.Debug|Any CPU.ActiveCfg = Debug|Any CPU
		{19480C44-D2BC-46DC-80F6-7DED7887CD75}.Debug|Any CPU.Build.0 = Debug|Any CPU
		{19480C44-D2BC-46DC-80F6-7DED7887CD75}.Release|Any CPU.ActiveCfg = Release|Any CPU
		{19480C44-D2BC-46DC-80F6-7DED7887CD75}.Release|Any CPU.Build.0 = Release|Any CPU
		{5C6F9EC4-4AF7-4917-8A56-8D915396F856}.Debug|Any CPU.ActiveCfg = Debug|Any CPU
		{5C6F9EC4-4AF7-4917-8A56-8D915396F856}.Debug|Any CPU.Build.0 = Debug|Any CPU
		{5C6F9EC4-4AF7-4917-8A56-8D915396F856}.Release|Any CPU.ActiveCfg = Release|Any CPU
		{5C6F9EC4-4AF7-4917-8A56-8D915396F856}.Release|Any CPU.Build.0 = Release|Any CPU
	EndGlobalSection
EndGlobal
